{
  "name": "cfn-create-lambda-version",
  "version": "1.0.0",
  "lockfileVersion": 2,
  "requires": true,
  "packages": {
    "": {
      "version": "1.0.0",
      "license": "ISC",
      "dependencies": {
        "cfn-response-async": "^1.0.0"
      }
    },
    "node_modules/cfn-response-async": {
      "version": "1.0.0",
      "resolved": "https://registry.npmjs.org/cfn-response-async/-/cfn-response-async-1.0.0.tgz",
      "integrity": "sha512-/uSeKzALcu0SDieUwu9LwqxTYX4IpX3JAyNAfQ6menx7Y2FfERAUw884Qk4/o+KYZNsaPXjFaEwGHsyrQP/FJA=="
    }
  },
  "dependencies": {
    "cfn-response-async": {
      "version": "1.0.0",
      "resolved": "https://registry.npmjs.org/cfn-response-async/-/cfn-response-async-1.0.0.tgz",
      "integrity": "sha512-/uSeKzALcu0SDieUwu9LwqxTYX4IpX3JAyNAfQ6menx7Y2FfERAUw884Qk4/o+KYZNsaPXjFaEwGHsyrQP/FJA=="
    }
  }
}
